
Microsoft Visual Studio Solution File, Format Version 12.00
Project("{FAE04EC0-301F-11D3-BF4B-00C04F79EFBC}") = "OP_laba7_sharp", "OP_laba7_sharp\OP_laba7_sharp.csproj", "{C5FEF029-C0E7-4CC5-A5B2-7FDB613A446B}"
EndProject
Global
	GlobalSection(SolutionConfigurationPlatforms) = preSolution
		Debug|Any CPU = Debug|Any CPU
		Release|Any CPU = Release|Any CPU
	EndGlobalSection
	GlobalSection(ProjectConfigurationPlatforms) = postSolution
		{C5FEF029-C0E7-4CC5-A5B2-7FDB613A446B}.Debug|Any CPU.ActiveCfg = Debug|Any CPU
		{C5FEF029-C0E7-4CC5-A5B2-7FDB613A446B}.Debug|Any CPU.Build.0 = Debug|Any CPU
		{C5FEF029-C0E7-4CC5-A5B2-7FDB613A446B}.Release|Any CPU.ActiveCfg = Release|Any CPU
		{C5FEF029-C0E7-4CC5-A5B2-7FDB613A446B}.Release|Any CPU.Build.0 = Release|Any CPU
	EndGlobalSection
EndGlobal
